
Microsoft Visual Studio Solution File, Format Version 12.00
# Visual Studio 15
VisualStudioVersion = 15.0.28010.0
MinimumVisualStudioVersion = 10.0.40219.1
Project("{FAE04EC0-301F-11D3-BF4B-00C04F79EFBC}") = "Parcial2", "Parcial2\Parcial2.csproj", "{B8B417A4-2C89-4F54-BFAD-65E49E96C6A9}"
EndProject
Global
	GlobalSection(SolutionConfigurationPlatforms) = preSolution
		Debug|Any CPU = Debug|Any CPU
		Release|Any CPU = Release|Any CPU
	EndGlobalSection
	GlobalSection(ProjectConfigurationPlatforms) = postSolution
		{B8B417A4-2C89-4F54-BFAD-65E49E96C6A9}.Debug|Any CPU.ActiveCfg = Debug|Any CPU
		{B8B417A4-2C89-4F54-BFAD-65E49E96C6A9}.Debug|Any CPU.Build.0 = Debug|Any CPU
		{B8B417A4-2C89-4F54-BFAD-65E49E96C6A9}.Release|Any CPU.ActiveCfg = Release|Any CPU
		{B8B417A4-2C89-4F54-BFAD-65E49E96C6A9}.Release|Any CPU.Build.0 = Release|Any CPU
	EndGlobalSection
	GlobalSection(SolutionProperties) = preSolution
		HideSolutionNode = FALSE
	EndGlobalSection
	GlobalSection(ExtensibilityGlobals) = postSolution
		SolutionGuid = {D50CC163-3ACE-4C63-94B0-B135D525998A}
	EndGlobalSection
EndGlobal
